
Microsoft Visual Studio Solution File, Format Version 12.00
# Visual Studio Version 16
VisualStudioVersion = 16.0.30002.166
MinimumVisualStudioVersion = 10.0.40219.1
Project("{FAE04EC0-301F-11D3-BF4B-00C04F79EFBC}") = "ChatApi", "ChatApi\ChatApi.csproj", "{C7842D4C-0568-46B7-8EC5-3BA810309496}"
EndProject
Global
	GlobalSection(SolutionConfigurationPlatforms) = preSolution
		Debug|Any CPU = Debug|Any CPU
		Release|Any CPU = Release|Any CPU
	EndGlobalSection
	GlobalSection(ProjectConfigurationPlatforms) = postSolution
		{C7842D4C-0568-46B7-8EC5-3BA810309496}.Debug|Any CPU.ActiveCfg = Debug|Any CPU
		{C7842D4C-0568-46B7-8EC5-3BA810309496}.Debug|Any CPU.Build.0 = Debug|Any CPU
		{C7842D4C-0568-46B7-8EC5-3BA810309496}.Release|Any CPU.ActiveCfg = Release|Any CPU
		{C7842D4C-0568-46B7-8EC5-3BA810309496}.Release|Any CPU.Build.0 = Release|Any CPU
	EndGlobalSection
	GlobalSection(SolutionProperties) = preSolution
		HideSolutionNode = FALSE
	EndGlobalSection
	GlobalSection(ExtensibilityGlobals) = postSolution
		SolutionGuid = {2947DBC8-36B3-418E-9636-FA8CA47736FC}
	EndGlobalSection
EndGlobal
